
Microsoft Visual Studio Solution File, Format Version 12.00
# Visual Studio Version 17
VisualStudioVersion = 17.4.33403.182
MinimumVisualStudioVersion = 10.0.40219.1
Project("{FAE04EC0-301F-11D3-BF4B-00C04F79EFBC}") = "Task Class", "Task Class\Task Class.csproj", "{8F923467-5B6D-45B3-A007-592750FB1856}"
EndProject
Global
	GlobalSection(SolutionConfigurationPlatforms) = preSolution
		Debug|Any CPU = Debug|Any CPU
		Release|Any CPU = Release|Any CPU
	EndGlobalSection
	GlobalSection(ProjectConfigurationPlatforms) = postSolution
		{8F923467-5B6D-45B3-A007-592750FB1856}.Debug|Any CPU.ActiveCfg = Debug|Any CPU
		{8F923467-5B6D-45B3-A007-592750FB1856}.Debug|Any CPU.Build.0 = Debug|Any CPU
		{8F923467-5B6D-45B3-A007-592750FB1856}.Release|Any CPU.ActiveCfg = Release|Any CPU
		{8F923467-5B6D-45B3-A007-592750FB1856}.Release|Any CPU.Build.0 = Release|Any CPU
	EndGlobalSection
	GlobalSection(SolutionProperties) = preSolution
		HideSolutionNode = FALSE
	EndGlobalSection
	GlobalSection(ExtensibilityGlobals) = postSolution
		SolutionGuid = {231B4294-4774-4BAE-8BB3-47058AE83550}
	EndGlobalSection
EndGlobal
